
Microsoft Visual Studio Solution File, Format Version 12.00
# Visual Studio Version 16
VisualStudioVersion = 16.0.29020.237
MinimumVisualStudioVersion = 10.0.40219.1
Project("{FAE04EC0-301F-11D3-BF4B-00C04F79EFBC}") = "Bazaar", "Bazaar.csproj", "{FA227D0E-1DF6-401B-A952-EA726EA471F1}"
EndProject
Project("{FAE04EC0-301F-11D3-BF4B-00C04F79EFBC}") = "Bazaar.UnitTests", "..\Bazaar.UnitTests\Bazaar.UnitTests.csproj", "{AB116444-5F65-4205-A905-46451E342FE9}"
EndProject
Project("{FAE04EC0-301F-11D3-BF4B-00C04F79EFBC}") = "Bazaar.Domain", "..\Bazaar.Domain\Bazaar.Domain.csproj", "{105FE78C-BC16-49F6-82D0-C9D7C596A5E1}"
EndProject
Global
	GlobalSection(SolutionConfigurationPlatforms) = preSolution
		Debug|Any CPU = Debug|Any CPU
		Release|Any CPU = Release|Any CPU
	EndGlobalSection
	GlobalSection(ProjectConfigurationPlatforms) = postSolution
		{FA227D0E-1DF6-401B-A952-EA726EA471F1}.Debug|Any CPU.ActiveCfg = Debug|Any CPU
		{FA227D0E-1DF6-401B-A952-EA726EA471F1}.Debug|Any CPU.Build.0 = Debug|Any CPU
		{FA227D0E-1DF6-401B-A952-EA726EA471F1}.Release|Any CPU.ActiveCfg = Release|Any CPU
		{FA227D0E-1DF6-401B-A952-EA726EA471F1}.Release|Any CPU.Build.0 = Release|Any CPU
		{AB116444-5F65-4205-A905-46451E342FE9}.Debug|Any CPU.ActiveCfg = Debug|Any CPU
		{AB116444-5F65-4205-A905-46451E342FE9}.Debug|Any CPU.Build.0 = Debug|Any CPU
		{AB116444-5F65-4205-A905-46451E342FE9}.Release|Any CPU.ActiveCfg = Release|Any CPU
		{AB116444-5F65-4205-A905-46451E342FE9}.Release|Any CPU.Build.0 = Release|Any CPU
		{105FE78C-BC16-49F6-82D0-C9D7C596A5E1}.Debug|Any CPU.ActiveCfg = Debug|Any CPU
		{105FE78C-BC16-49F6-82D0-C9D7C596A5E1}.Debug|Any CPU.Build.0 = Debug|Any CPU
		{105FE78C-BC16-49F6-82D0-C9D7C596A5E1}.Release|Any CPU.ActiveCfg = Release|Any CPU
		{105FE78C-BC16-49F6-82D0-C9D7C596A5E1}.Release|Any CPU.Build.0 = Release|Any CPU
	EndGlobalSection
	GlobalSection(SolutionProperties) = preSolution
		HideSolutionNode = FALSE
	EndGlobalSection
	GlobalSection(ExtensibilityGlobals) = postSolution
		SolutionGuid = {3C3CDA12-2F71-4575-9994-2118D8D1D263}
	EndGlobalSection
EndGlobal
